# This file is automatically @generated by Cargo.
# It is not intended for manual editing.
version = 3

[[package]]
name = "hello"
version = "0.1.0"
dependencies = [
 "my_tools",
]

[[package]]
name = "my_tools"
version = "0.1.1"
source = "registry+https://github.com/rust-lang/crates.io-index"
checksum = "3a29c70fe0be09d4ac98ee426e53d43a2a6bc13ad734aa86e482c67d9665fa99"
